
Microsoft Visual Studio Solution File, Format Version 12.00
# Visual Studio Version 17
VisualStudioVersion = 17.6.33815.320
MinimumVisualStudioVersion = 10.0.40219.1
Project("{8BC9CEB8-8B4A-11D0-8D11-00A0C91BC942}") = "VulkanTutorial", "VulkanTutorial\VulkanTutorial.vcxproj", "{90AD784D-0FA4-4B2F-BAF3-AFBEE7E32BAD}"
EndProject
Global
	GlobalSection(SolutionConfigurationPlatforms) = preSolution
		Debug|x64 = Debug|x64
		Debug|x86 = Debug|x86
		Release|x64 = Release|x64
		Release|x86 = Release|x86
	EndGlobalSection
	GlobalSection(ProjectConfigurationPlatforms) = postSolution
		{90AD784D-0FA4-4B2F-BAF3-AFBEE7E32BAD}.Debug|x64.ActiveCfg = Debug|x64
		{90AD784D-0FA4-4B2F-BAF3-AFBEE7E32BAD}.Debug|x64.Build.0 = Debug|x64
		{90AD784D-0FA4-4B2F-BAF3-AFBEE7E32BAD}.Debug|x86.ActiveCfg = Debug|Win32
		{90AD784D-0FA4-4B2F-BAF3-AFBEE7E32BAD}.Debug|x86.Build.0 = Debug|Win32
		{90AD784D-0FA4-4B2F-BAF3-AFBEE7E32BAD}.Release|x64.ActiveCfg = Release|x64
		{90AD784D-0FA4-4B2F-BAF3-AFBEE7E32BAD}.Release|x64.Build.0 = Release|x64
		{90AD784D-0FA4-4B2F-BAF3-AFBEE7E32BAD}.Release|x86.ActiveCfg = Release|Win32
		{90AD784D-0FA4-4B2F-BAF3-AFBEE7E32BAD}.Release|x86.Build.0 = Release|Win32
	EndGlobalSection
	GlobalSection(SolutionProperties) = preSolution
		HideSolutionNode = FALSE
	EndGlobalSection
	GlobalSection(ExtensibilityGlobals) = postSolution
		SolutionGuid = {557E1768-1F91-4123-9DE0-275F8A7E4E0E}
	EndGlobalSection
EndGlobal
